{
  "version": 4,
  "terraform_version": "1.0.8",
  "serial": 12,
  "lineage": "afe35b95-111b-5069-ec23-7863e04dfbd4",
  "outputs": {
    "tls_private_key": {
      "value": "-----BEGIN RSA PRIVATE KEY-----\nMIIJKAIBAAKCAgEAs+meOeotaiKm5cvnGdxvJDdN6LB/eFfAvWCTf8eE5noFwyc1\nbUS9I9vcJbHwDCq596aPrAVwiIpjbA59Ib/k3jiQKfUlO6JjnkqcGljniCHNy4Nx\npAtFqiGAznBRQ9WN/26/8Wx74wMahelWQWEVjsOeqO86CNwC0VMDZoi4wsWOi2IF\nMDYlSluCVGuMxbLUvxWb6iNpHW7CSdP/sm8joikz2CCE0oHTGyz52HvBMKqizbQ5\nzmZp+uGi6oYAJ+k8RjlV/ndzQjjxw/ZcHvPoBtc7vNhr1TsK35EUdhkQZnkNP5o/\nWhuR+WI5EIA0aWGOksbwAnAheFaFHbwyPIjhKx6M8S+jGhpJNRVeNu/c6Ak2cq8f\n+hTmbOjELFyWD9ZmMbarMCvXPBXYRXiXYZpsOIG3auwJJa6Mjo0Y0TdExCafE+Pi\nKNI5Z3X9jfVvMmzOAf8GaDspDlKh8UjIh+z1onKwDNW5Zp88Zx/GTIJsuapPn7wp\nuQ6lKEzy7SUjwJoDGtvg/H2ROWt4DYAmCY6Vrru17nLEAEwc5LvNirNz98wHGsB2\nDuwLzHxTzIZoYr78F9JRer2ZgFP6PQUr4EsNVZPOnmyMc9XoMQUlu1eUz+SBMX43\nAZktknG+uMUAJmch4SilxAX1vPvG4/3hfF4VcsFYXos2nj9OX89D8PbL+FcCAwEA\nAQKCAgAbDdNURCmmHyXXwmyzD9nKqWJWzkuszg1WrPIhMeCDQ/Af44J+Nur2PHaD\nWJmPStGCMxLBvGOqtJy0wA0DCTciT4EmPg3mRMoUIIYO1DWk2+h1ZQOutl84cSdM\nY8lkmPVsZrwIUtbiUTIo1ui4lh/GwxXVs3uXn3XxAjmtrnuSFmEUBp5fHJVI9C/K\nAA5AIF8riNVURRTmbyRaM73smBfUp7t7EZDHkuwq1v2PFzT62331ztcueWoQZuO3\nvoTBe6orqS2MQWwcljGM1TwPD4BhnvYFtMmqW+GLsuZPx/8WWberS8ehBipSRPnt\nyEmZWyk0WyP2SeROkzwbN5SaU78AG1SgOp5gftpp9x6gZhedlVIliDObIxGnx2eI\nDa7llRgsswq6wHeQDlq/F/EtqLUqEsF3/Xwg3tA6ykrUAP8cTbG30XRPjRKQVcfs\nUFldLVQnSI2plLHxRMTgwu8Jm493x8J4EPerNr5KMTCKw5ohGD5Ucuv19lgltqb6\nCSdjQiGJmlp3dPiwZgJ3SKP943yoedIbxAfOEI8h4L8tEAsftGAKl8CCvdwsGvYY\nruv5Dcs9AIY7FDmz0l3YxWmsibiLzvXPw/rYe7jJwzSFhkno/CakWVvzXBVLJSU+\nU0NVjhm/1InApJKlD7mb/uWKy81vwD4Nrav9TtfGsmja6lO60QKCAQEA300fp+oJ\n0g7kEz2l+h2ll/n9+ZKR8jrmkcpAx3a9JRMySgKeUCnXDPYlRgfDBnOQpd1rdvR1\nyuyYqMrT+jlOioCkq1stpZONgTEGW2Vt0jQVCafdd1MTdronYyjGdoMk5TkijyQg\nhvG3e1NFlJmFeFP1IC881d15NoUERxcA0yi/2ld4OJpGFsm77yDLIy7Qxnq6ONqF\ndOB9iAZ4Op9Xeh/dHhr9gcqNqgl0tCyx319HEpoI9UdCVoVJ7VJzFXdILCtvwnsb\nb9BhbKHM32zC9nNH7blJn7ONOHHiWox6uHjheDAnl9Zqr8F6BBwKx9h3R05eKUe4\nGywpF94ZwcdKvwKCAQEAzkH8aUnaw6Uwa3J7sT8MEyfcN5aECvVurGfKJRy+kvAV\nf718gAyp2VnkfDlIi9hfVYMcz+sJiT/bbxuc3p3bKF3HOaq5ksj8uuPn/njokEeq\n6E3wgZuV1+APT75yMT5SCSitjpJBfH8ieQXzx8xGp6wboJDQsKIsEQjDvkuaGN3X\n4O9FriPutvrqik+0heJB02T8N4iIUC2cbnvFUMuyYwClkns23SA63pkdD8E80Nmo\ndxsTRH7RHr3WJf66+SLiUoc9D5GUfnphOJomCdKAk4+0aogJ526PC2pPEHOY8Rm9\nQm7g3saRl6x6JV9CbiZyOXCwdaHTpm4uc3RaaRWwaQKCAQEAukSPP3ZOstaREiu+\npCDO3TM/1EubSsAvTTW1S62UobSdoncEsEH2jW1WMlCPMnZ8Fp/Y4OWSzK8HuOVY\nZcYf6hDdS8NHFHM8+qN2dg7pyQqA8gkBCGRYPBWUfXap9nn28O70EQtFxssjDtCr\nngVh/LmsJCjDSnLwhbX3l4VsvrejMfL86dpm1ON6zUJBsRuAM9B0PrCp2pDYpfsf\nl2cLhWfG/zHsfbQE7+3rV9Bgn7/OfYnYJyJGB/4vaLP6I9HYdl/VXhlrDZ55ZjCh\nwU3sY8BOI9MHwxv3lToKYxYD2JWdHrCslk/ZtrphmcP6ijHbbbPFgBG/VYtEzBAM\n1EP16QKCAQAsH6mjzIzkNb55/e/AJ0CqCGjv618sCP04HKv97HxIatvui9bKfesH\n+FcMzCRc5ljerkHHqPxNRD/pMPsKFLMBm643A/LXF/AY+xByO+NkmjBRqfq9f086\n80/TO2aqai6ajv0x9s/Tlk8FnORd5bFnxUXTv6clYkwTCND3MK0yjKLWF9nMOxui\nQWNTW2G/EnwKgRwDtU2T+W3xpMC9XBY5X7YL9Bf0jiSJ4i95Y1ljRGzprf0dNhP+\ng5YAYtIU4gWQqiXB4t7lf8C0nyVsDIA9EQ0DjT6xJ9GqG3/2gQRC78KxJ48rmUck\nL12iCRLpBYiCCT12rLveasu9HzMIL/+hAoIBAD5Z143BxxxoOfBXU+wlFmOD2g+p\nzZNhrYE41qBrKleuN9MliqK5HzS4E/GbpD9yfn94zb6pY1ZH3HCQTDrcAK6Pv7ZL\nh7GD/hIcxwUDr/sLq95akrNBv5gAOLs/ziPAXLOCPc5n5fWnsESeHlF3rkOZSXft\nUpsnClJ+HvBAn5/jS1+PVe9x8GKErnuB++XXstnINRpLylTTVaW1of8NaXMK9gSR\nSTy3lvSdWYSrhGesUHGTauHTkdHu4TR0LJNm1u6RmcF471Dm9CsPZDpdT2gHA1Lw\nl3jWCft6Mx2/5QMOzsdvjryxgjuJnYISOA7Uq8tHYA+O1WMdYCM9TkIf370=\n-----END RSA PRIVATE KEY-----\n",
      "type": "string",
      "sensitive": true
    }
  },
  "resources": [
    {
      "mode": "managed",
      "type": "azurerm_linux_virtual_machine",
      "name": "myterraformvm",
      "provider": "provider[\"registry.terraform.io/hashicorp/azurerm\"]",
      "instances": [
        {
          "schema_version": 0,
          "attributes": {
            "additional_capabilities": [],
            "admin_password": null,
            "admin_ssh_key": [
              {
                "public_key": "ssh-rsa AAAAB3NzaC1yc2EAAAADAQABAAACAQCz6Z456i1qIqbly+cZ3G8kN03osH94V8C9YJN/x4TmegXDJzVtRL0j29wlsfAMKrn3po+sBXCIimNsDn0hv+TeOJAp9SU7omOeSpwaWOeIIc3Lg3GkC0WqIYDOcFFD1Y3/br/xbHvjAxqF6VZBYRWOw56o7zoI3ALRUwNmiLjCxY6LYgUwNiVKW4JUa4zFstS/FZvqI2kdbsJJ0/+ybyOiKTPYIITSgdMbLPnYe8EwqqLNtDnOZmn64aLqhgAn6TxGOVX+d3NCOPHD9lwe8+gG1zu82GvVOwrfkRR2GRBmeQ0/mj9aG5H5YjkQgDRpYY6SxvACcCF4VoUdvDI8iOErHozxL6MaGkk1FV4279zoCTZyrx/6FOZs6MQsXJYP1mYxtqswK9c8FdhFeJdhmmw4gbdq7AklroyOjRjRN0TEJp8T4+Io0jlndf2N9W8ybM4B/wZoOykOUqHxSMiH7PWicrAM1blmnzxnH8ZMgmy5qk+fvCm5DqUoTPLtJSPAmgMa2+D8fZE5a3gNgCYJjpWuu7XucsQATBzku82Ks3P3zAcawHYO7AvMfFPMhmhivvwX0lF6vZmAU/o9BSvgSw1Vk86ebIxz1egxBSW7V5TP5IExfjcBmS2Scb64xQAmZyHhKKXEBfW8+8bj/eF8XhVywVheizaeP05fz0Pw9sv4Vw==\n",
                "username": "azureuser"
              }
            ],
            "admin_username": "azureuser",
            "allow_extension_operations": true,
            "availability_set_id": "",
            "boot_diagnostics": [
              {
                "storage_account_uri": "https://diagcc132b256fc23c62.blob.core.windows.net/"
              }
            ],
            "computer_name": "myvm",
            "custom_data": null,
            "dedicated_host_id": "",
            "disable_password_authentication": true,
            "encryption_at_host_enabled": false,
            "eviction_policy": "",
            "extensions_time_budget": "PT1H30M",
            "id": "/subscriptions/b5f264e7-84bb-476e-8f85-302c7bdc96d3/resourceGroups/myResourceGroup/providers/Microsoft.Compute/virtualMachines/myVM",
            "identity": [],
            "license_type": "",
            "location": "eastus",
            "max_bid_price": -1,
            "name": "myVM",
            "network_interface_ids": [
              "/subscriptions/b5f264e7-84bb-476e-8f85-302c7bdc96d3/resourceGroups/myResourceGroup/providers/Microsoft.Network/networkInterfaces/myNIC"
            ],
            "os_disk": [
              {
                "caching": "ReadWrite",
                "diff_disk_settings": [],
                "disk_encryption_set_id": "",
                "disk_size_gb": 30,
                "name": "myOsDisk",
                "storage_account_type": "Premium_LRS",
                "write_accelerator_enabled": false
              }
            ],
            "plan": [],
            "platform_fault_domain": -1,
            "priority": "Regular",
            "private_ip_address": "10.0.1.4",
            "private_ip_addresses": [
              "10.0.1.4"
            ],
            "provision_vm_agent": true,
            "proximity_placement_group_id": "",
            "public_ip_address": "52.224.108.240",
            "public_ip_addresses": [
              "52.224.108.240"
            ],
            "resource_group_name": "myResourceGroup",
            "secret": [],
            "size": "Standard_DS1_v2",
            "source_image_id": "",
            "source_image_reference": [
              {
                "offer": "UbuntuServer",
                "publisher": "Canonical",
                "sku": "18.04-LTS",
                "version": "latest"
              }
            ],
            "tags": {
              "environment": "Terraform Demo"
            },
            "timeouts": null,
            "virtual_machine_id": "9c6bfbac-b8ea-418e-8b9e-7c88d505f0e9",
            "virtual_machine_scale_set_id": "",
            "zone": ""
          },
          "sensitive_attributes": [],
          "private": "eyJlMmJmYjczMC1lY2FhLTExZTYtOGY4OC0zNDM2M2JjN2M0YzAiOnsiY3JlYXRlIjoyNzAwMDAwMDAwMDAwLCJkZWxldGUiOjI3MDAwMDAwMDAwMDAsInJlYWQiOjMwMDAwMDAwMDAwMCwidXBkYXRlIjoyNzAwMDAwMDAwMDAwfX0=",
          "dependencies": [
            "azurerm_network_interface.myterraformnic",
            "azurerm_public_ip.myterraformpublicip",
            "azurerm_resource_group.myterraformgroup",
            "azurerm_storage_account.mystorageaccount",
            "azurerm_subnet.myterraformsubnet",
            "azurerm_virtual_network.myterraformnetwork",
            "random_id.randomId",
            "tls_private_key.example_ssh"
          ]
        }
      ]
    },
    {
      "mode": "managed",
      "type": "azurerm_network_interface",
      "name": "myterraformnic",
      "provider": "provider[\"registry.terraform.io/hashicorp/azurerm\"]",
      "instances": [
        {
          "schema_version": 0,
          "attributes": {
            "applied_dns_servers": [],
            "dns_servers": [],
            "enable_accelerated_networking": false,
            "enable_ip_forwarding": false,
            "id": "/subscriptions/b5f264e7-84bb-476e-8f85-302c7bdc96d3/resourceGroups/myResourceGroup/providers/Microsoft.Network/networkInterfaces/myNIC",
            "internal_dns_name_label": "",
            "internal_domain_name_suffix": "01pk4fdqrp1uhhzhotyiq12kld.bx.internal.cloudapp.net",
            "ip_configuration": [
              {
                "name": "myNicConfiguration",
                "primary": true,
                "private_ip_address": "10.0.1.4",
                "private_ip_address_allocation": "Dynamic",
                "private_ip_address_version": "IPv4",
                "public_ip_address_id": "/subscriptions/b5f264e7-84bb-476e-8f85-302c7bdc96d3/resourceGroups/myResourceGroup/providers/Microsoft.Network/publicIPAddresses/myPublicIP",
                "subnet_id": "/subscriptions/b5f264e7-84bb-476e-8f85-302c7bdc96d3/resourceGroups/myResourceGroup/providers/Microsoft.Network/virtualNetworks/myVnet/subnets/mySubnet"
              }
            ],
            "location": "eastus",
            "mac_address": "",
            "name": "myNIC",
            "private_ip_address": "10.0.1.4",
            "private_ip_addresses": [
              "10.0.1.4"
            ],
            "resource_group_name": "myResourceGroup",
            "tags": {
              "environment": "Terraform Demo"
            },
            "timeouts": null,
            "virtual_machine_id": ""
          },
          "sensitive_attributes": [],
          "private": "eyJlMmJmYjczMC1lY2FhLTExZTYtOGY4OC0zNDM2M2JjN2M0YzAiOnsiY3JlYXRlIjoxODAwMDAwMDAwMDAwLCJkZWxldGUiOjE4MDAwMDAwMDAwMDAsInJlYWQiOjMwMDAwMDAwMDAwMCwidXBkYXRlIjoxODAwMDAwMDAwMDAwfX0=",
          "dependencies": [
            "azurerm_public_ip.myterraformpublicip",
            "azurerm_resource_group.myterraformgroup",
            "azurerm_subnet.myterraformsubnet",
            "azurerm_virtual_network.myterraformnetwork"
          ]
        }
      ]
    },
    {
      "mode": "managed",
      "type": "azurerm_network_interface_security_group_association",
      "name": "example",
      "provider": "provider[\"registry.terraform.io/hashicorp/azurerm\"]",
      "instances": [
        {
          "schema_version": 0,
          "attributes": {
            "id": "/subscriptions/b5f264e7-84bb-476e-8f85-302c7bdc96d3/resourceGroups/myResourceGroup/providers/Microsoft.Network/networkInterfaces/myNIC|/subscriptions/b5f264e7-84bb-476e-8f85-302c7bdc96d3/resourceGroups/myResourceGroup/providers/Microsoft.Network/networkSecurityGroups/myNetworkSecurityGroup",
            "network_interface_id": "/subscriptions/b5f264e7-84bb-476e-8f85-302c7bdc96d3/resourceGroups/myResourceGroup/providers/Microsoft.Network/networkInterfaces/myNIC",
            "network_security_group_id": "/subscriptions/b5f264e7-84bb-476e-8f85-302c7bdc96d3/resourceGroups/myResourceGroup/providers/Microsoft.Network/networkSecurityGroups/myNetworkSecurityGroup",
            "timeouts": null
          },
          "sensitive_attributes": [],
          "private": "eyJlMmJmYjczMC1lY2FhLTExZTYtOGY4OC0zNDM2M2JjN2M0YzAiOnsiY3JlYXRlIjoxODAwMDAwMDAwMDAwLCJkZWxldGUiOjE4MDAwMDAwMDAwMDAsInJlYWQiOjMwMDAwMDAwMDAwMCwidXBkYXRlIjoxODAwMDAwMDAwMDAwfX0=",
          "dependencies": [
            "azurerm_network_interface.myterraformnic",
            "azurerm_network_security_group.myterraformnsg",
            "azurerm_public_ip.myterraformpublicip",
            "azurerm_resource_group.myterraformgroup",
            "azurerm_subnet.myterraformsubnet",
            "azurerm_virtual_network.myterraformnetwork"
          ]
        }
      ]
    },
    {
      "mode": "managed",
      "type": "azurerm_network_security_group",
      "name": "myterraformnsg",
      "provider": "provider[\"registry.terraform.io/hashicorp/azurerm\"]",
      "instances": [
        {
          "schema_version": 0,
          "attributes": {
            "id": "/subscriptions/b5f264e7-84bb-476e-8f85-302c7bdc96d3/resourceGroups/myResourceGroup/providers/Microsoft.Network/networkSecurityGroups/myNetworkSecurityGroup",
            "location": "eastus",
            "name": "myNetworkSecurityGroup",
            "resource_group_name": "myResourceGroup",
            "security_rule": [
              {
                "access": "Allow",
                "description": "",
                "destination_address_prefix": "*",
                "destination_address_prefixes": [],
                "destination_application_security_group_ids": [],
                "destination_port_range": "22",
                "destination_port_ranges": [],
                "direction": "Inbound",
                "name": "SSH",
                "priority": 1001,
                "protocol": "Tcp",
                "source_address_prefix": "*",
                "source_address_prefixes": [],
                "source_application_security_group_ids": [],
                "source_port_range": "*",
                "source_port_ranges": []
              }
            ],
            "tags": {
              "environment": "Terraform Demo"
            },
            "timeouts": null
          },
          "sensitive_attributes": [],
          "private": "eyJlMmJmYjczMC1lY2FhLTExZTYtOGY4OC0zNDM2M2JjN2M0YzAiOnsiY3JlYXRlIjoxODAwMDAwMDAwMDAwLCJkZWxldGUiOjE4MDAwMDAwMDAwMDAsInJlYWQiOjMwMDAwMDAwMDAwMCwidXBkYXRlIjoxODAwMDAwMDAwMDAwfX0=",
          "dependencies": [
            "azurerm_resource_group.myterraformgroup"
          ]
        }
      ]
    },
    {
      "mode": "managed",
      "type": "azurerm_public_ip",
      "name": "myterraformpublicip",
      "provider": "provider[\"registry.terraform.io/hashicorp/azurerm\"]",
      "instances": [
        {
          "schema_version": 0,
          "attributes": {
            "allocation_method": "Dynamic",
            "availability_zone": "No-Zone",
            "domain_name_label": null,
            "fqdn": null,
            "id": "/subscriptions/b5f264e7-84bb-476e-8f85-302c7bdc96d3/resourceGroups/myResourceGroup/providers/Microsoft.Network/publicIPAddresses/myPublicIP",
            "idle_timeout_in_minutes": 4,
            "ip_address": "",
            "ip_tags": null,
            "ip_version": "IPv4",
            "location": "eastus",
            "name": "myPublicIP",
            "public_ip_prefix_id": null,
            "resource_group_name": "myResourceGroup",
            "reverse_fqdn": null,
            "sku": "Basic",
            "sku_tier": "Regional",
            "tags": {
              "environment": "Terraform Demo"
            },
            "timeouts": null,
            "zones": []
          },
          "sensitive_attributes": [],
          "private": "eyJlMmJmYjczMC1lY2FhLTExZTYtOGY4OC0zNDM2M2JjN2M0YzAiOnsiY3JlYXRlIjoxODAwMDAwMDAwMDAwLCJkZWxldGUiOjE4MDAwMDAwMDAwMDAsInJlYWQiOjMwMDAwMDAwMDAwMCwidXBkYXRlIjoxODAwMDAwMDAwMDAwfX0=",
          "dependencies": [
            "azurerm_resource_group.myterraformgroup"
          ]
        }
      ]
    },
    {
      "mode": "managed",
      "type": "azurerm_resource_group",
      "name": "myterraformgroup",
      "provider": "provider[\"registry.terraform.io/hashicorp/azurerm\"]",
      "instances": [
        {
          "schema_version": 0,
          "attributes": {
            "id": "/subscriptions/b5f264e7-84bb-476e-8f85-302c7bdc96d3/resourceGroups/myResourceGroup",
            "location": "eastus",
            "name": "myResourceGroup",
            "tags": {
              "environment": "Terraform Demo"
            },
            "timeouts": null
          },
          "sensitive_attributes": [],
          "private": "eyJlMmJmYjczMC1lY2FhLTExZTYtOGY4OC0zNDM2M2JjN2M0YzAiOnsiY3JlYXRlIjo1NDAwMDAwMDAwMDAwLCJkZWxldGUiOjU0MDAwMDAwMDAwMDAsInJlYWQiOjMwMDAwMDAwMDAwMCwidXBkYXRlIjo1NDAwMDAwMDAwMDAwfX0="
        }
      ]
    },
    {
      "mode": "managed",
      "type": "azurerm_storage_account",
      "name": "mystorageaccount",
      "provider": "provider[\"registry.terraform.io/hashicorp/azurerm\"]",
      "instances": [
        {
          "schema_version": 2,
          "attributes": {
            "access_tier": "Hot",
            "account_kind": "StorageV2",
            "account_replication_type": "LRS",
            "account_tier": "Standard",
            "allow_blob_public_access": false,
            "azure_files_authentication": [],
            "blob_properties": [
              {
                "change_feed_enabled": false,
                "container_delete_retention_policy": [],
                "cors_rule": [],
                "default_service_version": "",
                "delete_retention_policy": [],
                "last_access_time_enabled": false,
                "versioning_enabled": false
              }
            ],
            "custom_domain": [],
            "enable_https_traffic_only": true,
            "id": "/subscriptions/b5f264e7-84bb-476e-8f85-302c7bdc96d3/resourceGroups/myResourceGroup/providers/Microsoft.Storage/storageAccounts/diagcc132b256fc23c62",
            "identity": [],
            "is_hns_enabled": false,
            "large_file_share_enabled": null,
            "location": "eastus",
            "min_tls_version": "TLS1_0",
            "name": "diagcc132b256fc23c62",
            "network_rules": [
              {
                "bypass": [
                  "AzureServices"
                ],
                "default_action": "Allow",
                "ip_rules": [],
                "private_link_access": [],
                "virtual_network_subnet_ids": []
              }
            ],
            "nfsv3_enabled": false,
            "primary_access_key": "KfFiW6c724jQshbkasQbB4H+NN+BwMfTa0JYDZ4EXvCsWgCD0zGkIIkTkfXo6EFWeGb1e1Ycq6ejHJq1xM1z0A==",
            "primary_blob_connection_string": "DefaultEndpointsProtocol=https;BlobEndpoint=https://diagcc132b256fc23c62.blob.core.windows.net/;AccountName=diagcc132b256fc23c62;AccountKey=KfFiW6c724jQshbkasQbB4H+NN+BwMfTa0JYDZ4EXvCsWgCD0zGkIIkTkfXo6EFWeGb1e1Ycq6ejHJq1xM1z0A==",
            "primary_blob_endpoint": "https://diagcc132b256fc23c62.blob.core.windows.net/",
            "primary_blob_host": "diagcc132b256fc23c62.blob.core.windows.net",
            "primary_connection_string": "DefaultEndpointsProtocol=https;AccountName=diagcc132b256fc23c62;AccountKey=KfFiW6c724jQshbkasQbB4H+NN+BwMfTa0JYDZ4EXvCsWgCD0zGkIIkTkfXo6EFWeGb1e1Ycq6ejHJq1xM1z0A==;EndpointSuffix=core.windows.net",
            "primary_dfs_endpoint": "https://diagcc132b256fc23c62.dfs.core.windows.net/",
            "primary_dfs_host": "diagcc132b256fc23c62.dfs.core.windows.net",
            "primary_file_endpoint": "https://diagcc132b256fc23c62.file.core.windows.net/",
            "primary_file_host": "diagcc132b256fc23c62.file.core.windows.net",
            "primary_location": "eastus",
            "primary_queue_endpoint": "https://diagcc132b256fc23c62.queue.core.windows.net/",
            "primary_queue_host": "diagcc132b256fc23c62.queue.core.windows.net",
            "primary_table_endpoint": "https://diagcc132b256fc23c62.table.core.windows.net/",
            "primary_table_host": "diagcc132b256fc23c62.table.core.windows.net",
            "primary_web_endpoint": "https://diagcc132b256fc23c62.z13.web.core.windows.net/",
            "primary_web_host": "diagcc132b256fc23c62.z13.web.core.windows.net",
            "queue_properties": [
              {
                "cors_rule": [],
                "hour_metrics": [
                  {
                    "enabled": true,
                    "include_apis": true,
                    "retention_policy_days": 7,
                    "version": "1.0"
                  }
                ],
                "logging": [
                  {
                    "delete": false,
                    "read": false,
                    "retention_policy_days": 0,
                    "version": "1.0",
                    "write": false
                  }
                ],
                "minute_metrics": [
                  {
                    "enabled": false,
                    "include_apis": false,
                    "retention_policy_days": 0,
                    "version": "1.0"
                  }
                ]
              }
            ],
            "resource_group_name": "myResourceGroup",
            "routing": [],
            "secondary_access_key": "V4IKFYna1dQCLNNPwP2/wz3O1sRPWIcV39E1Yu9OH1FlPsBBTU8sVTQl/unZWGKXA9FPWTJSxymcwAwzldOB7g==",
            "secondary_blob_connection_string": "",
            "secondary_blob_endpoint": null,
            "secondary_blob_host": null,
            "secondary_connection_string": "DefaultEndpointsProtocol=https;AccountName=diagcc132b256fc23c62;AccountKey=V4IKFYna1dQCLNNPwP2/wz3O1sRPWIcV39E1Yu9OH1FlPsBBTU8sVTQl/unZWGKXA9FPWTJSxymcwAwzldOB7g==;EndpointSuffix=core.windows.net",
            "secondary_dfs_endpoint": null,
            "secondary_dfs_host": null,
            "secondary_file_endpoint": null,
            "secondary_file_host": null,
            "secondary_location": "",
            "secondary_queue_endpoint": null,
            "secondary_queue_host": null,
            "secondary_table_endpoint": null,
            "secondary_table_host": null,
            "secondary_web_endpoint": null,
            "secondary_web_host": null,
            "share_properties": [
              {
                "cors_rule": [],
                "retention_policy": [
                  {
                    "days": 7
                  }
                ],
                "smb": []
              }
            ],
            "shared_access_key_enabled": true,
            "static_website": [],
            "tags": {
              "environment": "Terraform Demo"
            },
            "timeouts": null
          },
          "sensitive_attributes": [],
          "private": "eyJlMmJmYjczMC1lY2FhLTExZTYtOGY4OC0zNDM2M2JjN2M0YzAiOnsiY3JlYXRlIjozNjAwMDAwMDAwMDAwLCJkZWxldGUiOjM2MDAwMDAwMDAwMDAsInJlYWQiOjMwMDAwMDAwMDAwMCwidXBkYXRlIjozNjAwMDAwMDAwMDAwfSwic2NoZW1hX3ZlcnNpb24iOiIyIn0=",
          "dependencies": [
            "azurerm_resource_group.myterraformgroup",
            "random_id.randomId"
          ]
        }
      ]
    },
    {
      "mode": "managed",
      "type": "azurerm_subnet",
      "name": "myterraformsubnet",
      "provider": "provider[\"registry.terraform.io/hashicorp/azurerm\"]",
      "instances": [
        {
          "schema_version": 0,
          "attributes": {
            "address_prefix": "10.0.1.0/24",
            "address_prefixes": [
              "10.0.1.0/24"
            ],
            "delegation": [],
            "enforce_private_link_endpoint_network_policies": false,
            "enforce_private_link_service_network_policies": false,
            "id": "/subscriptions/b5f264e7-84bb-476e-8f85-302c7bdc96d3/resourceGroups/myResourceGroup/providers/Microsoft.Network/virtualNetworks/myVnet/subnets/mySubnet",
            "name": "mySubnet",
            "resource_group_name": "myResourceGroup",
            "service_endpoint_policy_ids": null,
            "service_endpoints": null,
            "timeouts": null,
            "virtual_network_name": "myVnet"
          },
          "sensitive_attributes": [],
          "private": "eyJlMmJmYjczMC1lY2FhLTExZTYtOGY4OC0zNDM2M2JjN2M0YzAiOnsiY3JlYXRlIjoxODAwMDAwMDAwMDAwLCJkZWxldGUiOjE4MDAwMDAwMDAwMDAsInJlYWQiOjMwMDAwMDAwMDAwMCwidXBkYXRlIjoxODAwMDAwMDAwMDAwfX0=",
          "dependencies": [
            "azurerm_resource_group.myterraformgroup",
            "azurerm_virtual_network.myterraformnetwork"
          ]
        }
      ]
    },
    {
      "mode": "managed",
      "type": "azurerm_virtual_network",
      "name": "myterraformnetwork",
      "provider": "provider[\"registry.terraform.io/hashicorp/azurerm\"]",
      "instances": [
        {
          "schema_version": 0,
          "attributes": {
            "address_space": [
              "10.0.0.0/16"
            ],
            "bgp_community": "",
            "ddos_protection_plan": [],
            "dns_servers": [],
            "guid": "14afded6-8b70-43f7-9f27-74f0886f8a5b",
            "id": "/subscriptions/b5f264e7-84bb-476e-8f85-302c7bdc96d3/resourceGroups/myResourceGroup/providers/Microsoft.Network/virtualNetworks/myVnet",
            "location": "eastus",
            "name": "myVnet",
            "resource_group_name": "myResourceGroup",
            "subnet": [],
            "tags": {
              "environment": "Terraform Demo"
            },
            "timeouts": null,
            "vm_protection_enabled": false
          },
          "sensitive_attributes": [],
          "private": "eyJlMmJmYjczMC1lY2FhLTExZTYtOGY4OC0zNDM2M2JjN2M0YzAiOnsiY3JlYXRlIjoxODAwMDAwMDAwMDAwLCJkZWxldGUiOjE4MDAwMDAwMDAwMDAsInJlYWQiOjMwMDAwMDAwMDAwMCwidXBkYXRlIjoxODAwMDAwMDAwMDAwfX0=",
          "dependencies": [
            "azurerm_resource_group.myterraformgroup"
          ]
        }
      ]
    },
    {
      "mode": "managed",
      "type": "random_id",
      "name": "randomId",
      "provider": "provider[\"registry.terraform.io/hashicorp/random\"]",
      "instances": [
        {
          "schema_version": 0,
          "attributes": {
            "b64_std": "zBMrJW/CPGI=",
            "b64_url": "zBMrJW_CPGI",
            "byte_length": 8,
            "dec": "14705144648083586146",
            "hex": "cc132b256fc23c62",
            "id": "zBMrJW_CPGI",
            "keepers": {
              "resource_group": "myResourceGroup"
            },
            "prefix": null
          },
          "sensitive_attributes": [],
          "private": "bnVsbA==",
          "dependencies": [
            "azurerm_resource_group.myterraformgroup"
          ]
        }
      ]
    },
    {
      "mode": "managed",
      "type": "tls_private_key",
      "name": "example_ssh",
      "provider": "provider[\"registry.terraform.io/hashicorp/tls\"]",
      "instances": [
        {
          "schema_version": 0,
          "attributes": {
            "algorithm": "RSA",
            "ecdsa_curve": "P224",
            "id": "d0a5acc76b01e7db436871a1e363d9eebd58ec7c",
            "private_key_pem": "-----BEGIN RSA PRIVATE KEY-----\nMIIJKAIBAAKCAgEAs+meOeotaiKm5cvnGdxvJDdN6LB/eFfAvWCTf8eE5noFwyc1\nbUS9I9vcJbHwDCq596aPrAVwiIpjbA59Ib/k3jiQKfUlO6JjnkqcGljniCHNy4Nx\npAtFqiGAznBRQ9WN/26/8Wx74wMahelWQWEVjsOeqO86CNwC0VMDZoi4wsWOi2IF\nMDYlSluCVGuMxbLUvxWb6iNpHW7CSdP/sm8joikz2CCE0oHTGyz52HvBMKqizbQ5\nzmZp+uGi6oYAJ+k8RjlV/ndzQjjxw/ZcHvPoBtc7vNhr1TsK35EUdhkQZnkNP5o/\nWhuR+WI5EIA0aWGOksbwAnAheFaFHbwyPIjhKx6M8S+jGhpJNRVeNu/c6Ak2cq8f\n+hTmbOjELFyWD9ZmMbarMCvXPBXYRXiXYZpsOIG3auwJJa6Mjo0Y0TdExCafE+Pi\nKNI5Z3X9jfVvMmzOAf8GaDspDlKh8UjIh+z1onKwDNW5Zp88Zx/GTIJsuapPn7wp\nuQ6lKEzy7SUjwJoDGtvg/H2ROWt4DYAmCY6Vrru17nLEAEwc5LvNirNz98wHGsB2\nDuwLzHxTzIZoYr78F9JRer2ZgFP6PQUr4EsNVZPOnmyMc9XoMQUlu1eUz+SBMX43\nAZktknG+uMUAJmch4SilxAX1vPvG4/3hfF4VcsFYXos2nj9OX89D8PbL+FcCAwEA\nAQKCAgAbDdNURCmmHyXXwmyzD9nKqWJWzkuszg1WrPIhMeCDQ/Af44J+Nur2PHaD\nWJmPStGCMxLBvGOqtJy0wA0DCTciT4EmPg3mRMoUIIYO1DWk2+h1ZQOutl84cSdM\nY8lkmPVsZrwIUtbiUTIo1ui4lh/GwxXVs3uXn3XxAjmtrnuSFmEUBp5fHJVI9C/K\nAA5AIF8riNVURRTmbyRaM73smBfUp7t7EZDHkuwq1v2PFzT62331ztcueWoQZuO3\nvoTBe6orqS2MQWwcljGM1TwPD4BhnvYFtMmqW+GLsuZPx/8WWberS8ehBipSRPnt\nyEmZWyk0WyP2SeROkzwbN5SaU78AG1SgOp5gftpp9x6gZhedlVIliDObIxGnx2eI\nDa7llRgsswq6wHeQDlq/F/EtqLUqEsF3/Xwg3tA6ykrUAP8cTbG30XRPjRKQVcfs\nUFldLVQnSI2plLHxRMTgwu8Jm493x8J4EPerNr5KMTCKw5ohGD5Ucuv19lgltqb6\nCSdjQiGJmlp3dPiwZgJ3SKP943yoedIbxAfOEI8h4L8tEAsftGAKl8CCvdwsGvYY\nruv5Dcs9AIY7FDmz0l3YxWmsibiLzvXPw/rYe7jJwzSFhkno/CakWVvzXBVLJSU+\nU0NVjhm/1InApJKlD7mb/uWKy81vwD4Nrav9TtfGsmja6lO60QKCAQEA300fp+oJ\n0g7kEz2l+h2ll/n9+ZKR8jrmkcpAx3a9JRMySgKeUCnXDPYlRgfDBnOQpd1rdvR1\nyuyYqMrT+jlOioCkq1stpZONgTEGW2Vt0jQVCafdd1MTdronYyjGdoMk5TkijyQg\nhvG3e1NFlJmFeFP1IC881d15NoUERxcA0yi/2ld4OJpGFsm77yDLIy7Qxnq6ONqF\ndOB9iAZ4Op9Xeh/dHhr9gcqNqgl0tCyx319HEpoI9UdCVoVJ7VJzFXdILCtvwnsb\nb9BhbKHM32zC9nNH7blJn7ONOHHiWox6uHjheDAnl9Zqr8F6BBwKx9h3R05eKUe4\nGywpF94ZwcdKvwKCAQEAzkH8aUnaw6Uwa3J7sT8MEyfcN5aECvVurGfKJRy+kvAV\nf718gAyp2VnkfDlIi9hfVYMcz+sJiT/bbxuc3p3bKF3HOaq5ksj8uuPn/njokEeq\n6E3wgZuV1+APT75yMT5SCSitjpJBfH8ieQXzx8xGp6wboJDQsKIsEQjDvkuaGN3X\n4O9FriPutvrqik+0heJB02T8N4iIUC2cbnvFUMuyYwClkns23SA63pkdD8E80Nmo\ndxsTRH7RHr3WJf66+SLiUoc9D5GUfnphOJomCdKAk4+0aogJ526PC2pPEHOY8Rm9\nQm7g3saRl6x6JV9CbiZyOXCwdaHTpm4uc3RaaRWwaQKCAQEAukSPP3ZOstaREiu+\npCDO3TM/1EubSsAvTTW1S62UobSdoncEsEH2jW1WMlCPMnZ8Fp/Y4OWSzK8HuOVY\nZcYf6hDdS8NHFHM8+qN2dg7pyQqA8gkBCGRYPBWUfXap9nn28O70EQtFxssjDtCr\nngVh/LmsJCjDSnLwhbX3l4VsvrejMfL86dpm1ON6zUJBsRuAM9B0PrCp2pDYpfsf\nl2cLhWfG/zHsfbQE7+3rV9Bgn7/OfYnYJyJGB/4vaLP6I9HYdl/VXhlrDZ55ZjCh\nwU3sY8BOI9MHwxv3lToKYxYD2JWdHrCslk/ZtrphmcP6ijHbbbPFgBG/VYtEzBAM\n1EP16QKCAQAsH6mjzIzkNb55/e/AJ0CqCGjv618sCP04HKv97HxIatvui9bKfesH\n+FcMzCRc5ljerkHHqPxNRD/pMPsKFLMBm643A/LXF/AY+xByO+NkmjBRqfq9f086\n80/TO2aqai6ajv0x9s/Tlk8FnORd5bFnxUXTv6clYkwTCND3MK0yjKLWF9nMOxui\nQWNTW2G/EnwKgRwDtU2T+W3xpMC9XBY5X7YL9Bf0jiSJ4i95Y1ljRGzprf0dNhP+\ng5YAYtIU4gWQqiXB4t7lf8C0nyVsDIA9EQ0DjT6xJ9GqG3/2gQRC78KxJ48rmUck\nL12iCRLpBYiCCT12rLveasu9HzMIL/+hAoIBAD5Z143BxxxoOfBXU+wlFmOD2g+p\nzZNhrYE41qBrKleuN9MliqK5HzS4E/GbpD9yfn94zb6pY1ZH3HCQTDrcAK6Pv7ZL\nh7GD/hIcxwUDr/sLq95akrNBv5gAOLs/ziPAXLOCPc5n5fWnsESeHlF3rkOZSXft\nUpsnClJ+HvBAn5/jS1+PVe9x8GKErnuB++XXstnINRpLylTTVaW1of8NaXMK9gSR\nSTy3lvSdWYSrhGesUHGTauHTkdHu4TR0LJNm1u6RmcF471Dm9CsPZDpdT2gHA1Lw\nl3jWCft6Mx2/5QMOzsdvjryxgjuJnYISOA7Uq8tHYA+O1WMdYCM9TkIf370=\n-----END RSA PRIVATE KEY-----\n",
            "public_key_fingerprint_md5": "43:b0:4d:fa:80:92:3f:a2:8a:09:c5:eb:6f:3d:5b:cd",
            "public_key_openssh": "ssh-rsa AAAAB3NzaC1yc2EAAAADAQABAAACAQCz6Z456i1qIqbly+cZ3G8kN03osH94V8C9YJN/x4TmegXDJzVtRL0j29wlsfAMKrn3po+sBXCIimNsDn0hv+TeOJAp9SU7omOeSpwaWOeIIc3Lg3GkC0WqIYDOcFFD1Y3/br/xbHvjAxqF6VZBYRWOw56o7zoI3ALRUwNmiLjCxY6LYgUwNiVKW4JUa4zFstS/FZvqI2kdbsJJ0/+ybyOiKTPYIITSgdMbLPnYe8EwqqLNtDnOZmn64aLqhgAn6TxGOVX+d3NCOPHD9lwe8+gG1zu82GvVOwrfkRR2GRBmeQ0/mj9aG5H5YjkQgDRpYY6SxvACcCF4VoUdvDI8iOErHozxL6MaGkk1FV4279zoCTZyrx/6FOZs6MQsXJYP1mYxtqswK9c8FdhFeJdhmmw4gbdq7AklroyOjRjRN0TEJp8T4+Io0jlndf2N9W8ybM4B/wZoOykOUqHxSMiH7PWicrAM1blmnzxnH8ZMgmy5qk+fvCm5DqUoTPLtJSPAmgMa2+D8fZE5a3gNgCYJjpWuu7XucsQATBzku82Ks3P3zAcawHYO7AvMfFPMhmhivvwX0lF6vZmAU/o9BSvgSw1Vk86ebIxz1egxBSW7V5TP5IExfjcBmS2Scb64xQAmZyHhKKXEBfW8+8bj/eF8XhVywVheizaeP05fz0Pw9sv4Vw==\n",
            "public_key_pem": "-----BEGIN PUBLIC KEY-----\nMIICIjANBgkqhkiG9w0BAQEFAAOCAg8AMIICCgKCAgEAs+meOeotaiKm5cvnGdxv\nJDdN6LB/eFfAvWCTf8eE5noFwyc1bUS9I9vcJbHwDCq596aPrAVwiIpjbA59Ib/k\n3jiQKfUlO6JjnkqcGljniCHNy4NxpAtFqiGAznBRQ9WN/26/8Wx74wMahelWQWEV\njsOeqO86CNwC0VMDZoi4wsWOi2IFMDYlSluCVGuMxbLUvxWb6iNpHW7CSdP/sm8j\noikz2CCE0oHTGyz52HvBMKqizbQ5zmZp+uGi6oYAJ+k8RjlV/ndzQjjxw/ZcHvPo\nBtc7vNhr1TsK35EUdhkQZnkNP5o/WhuR+WI5EIA0aWGOksbwAnAheFaFHbwyPIjh\nKx6M8S+jGhpJNRVeNu/c6Ak2cq8f+hTmbOjELFyWD9ZmMbarMCvXPBXYRXiXYZps\nOIG3auwJJa6Mjo0Y0TdExCafE+PiKNI5Z3X9jfVvMmzOAf8GaDspDlKh8UjIh+z1\nonKwDNW5Zp88Zx/GTIJsuapPn7wpuQ6lKEzy7SUjwJoDGtvg/H2ROWt4DYAmCY6V\nrru17nLEAEwc5LvNirNz98wHGsB2DuwLzHxTzIZoYr78F9JRer2ZgFP6PQUr4EsN\nVZPOnmyMc9XoMQUlu1eUz+SBMX43AZktknG+uMUAJmch4SilxAX1vPvG4/3hfF4V\ncsFYXos2nj9OX89D8PbL+FcCAwEAAQ==\n-----END PUBLIC KEY-----\n",
            "rsa_bits": 4096
          },
          "sensitive_attributes": [],
          "private": "bnVsbA=="
        }
      ]
    }
  ]
}
